
Microsoft Visual Studio Solution File, Format Version 12.00
# Visual Studio Version 17
VisualStudioVersion = 17.14.37301.10 d17.14
MinimumVisualStudioVersion = 10.0.40219.1
Project("{FAE04EC0-301F-11D3-BF4B-00C04F79EFBC}") = "WebAvaliacaoDancando", "WebAvaliacaoDancando.csproj", "{55BA14AE-A5D3-4614-9D54-914DEB7292A2}"
EndProject
Global
	GlobalSection(SolutionConfigurationPlatforms) = preSolution
		Debug|Any CPU = Debug|Any CPU
		Release|Any CPU = Release|Any CPU
	EndGlobalSection
	GlobalSection(ProjectConfigurationPlatforms) = postSolution
		{55BA14AE-A5D3-4614-9D54-914DEB7292A2}.Debug|Any CPU.ActiveCfg = Debug|Any CPU
		{55BA14AE-A5D3-4614-9D54-914DEB7292A2}.Debug|Any CPU.Build.0 = Debug|Any CPU
		{55BA14AE-A5D3-4614-9D54-914DEB7292A2}.Release|Any CPU.ActiveCfg = Release|Any CPU
		{55BA14AE-A5D3-4614-9D54-914DEB7292A2}.Release|Any CPU.Build.0 = Release|Any CPU
	EndGlobalSection
	GlobalSection(SolutionProperties) = preSolution
		HideSolutionNode = FALSE
	EndGlobalSection
	GlobalSection(ExtensibilityGlobals) = postSolution
		SolutionGuid = {AB6589E8-A8D1-45C1-AA59-AE826C0E1D6F}
	EndGlobalSection
EndGlobal
